
Microsoft Visual Studio Solution File, Format Version 12.00
# Visual Studio Version 16
VisualStudioVersion = 16.0.30804.86
MinimumVisualStudioVersion = 10.0.40219.1
Project("{9A19103F-16F7-4668-BE54-9A1E7A4F7556}") = "gather-wiki-pages", "gather-wiki-pages\gather-wiki-pages.csproj", "{CDBBC2CA-2FF0-400A-B132-91ACA883E971}"
EndProject
Project("{FAE04EC0-301F-11D3-BF4B-00C04F79EFBC}") = "misplaced-tags", "misplaced-tags\misplaced-tags.csproj", "{62F8EDBF-DBE1-4891-9EAC-01C77B0797EB}"
EndProject
Global
	GlobalSection(SolutionConfigurationPlatforms) = preSolution
		Debug|Any CPU = Debug|Any CPU
		Release|Any CPU = Release|Any CPU
	EndGlobalSection
	GlobalSection(ProjectConfigurationPlatforms) = postSolution
		{CDBBC2CA-2FF0-400A-B132-91ACA883E971}.Debug|Any CPU.ActiveCfg = Debug|Any CPU
		{CDBBC2CA-2FF0-400A-B132-91ACA883E971}.Debug|Any CPU.Build.0 = Debug|Any CPU
		{CDBBC2CA-2FF0-400A-B132-91ACA883E971}.Release|Any CPU.ActiveCfg = Release|Any CPU
		{CDBBC2CA-2FF0-400A-B132-91ACA883E971}.Release|Any CPU.Build.0 = Release|Any CPU
		{62F8EDBF-DBE1-4891-9EAC-01C77B0797EB}.Debug|Any CPU.ActiveCfg = Debug|Any CPU
		{62F8EDBF-DBE1-4891-9EAC-01C77B0797EB}.Debug|Any CPU.Build.0 = Debug|Any CPU
		{62F8EDBF-DBE1-4891-9EAC-01C77B0797EB}.Release|Any CPU.ActiveCfg = Release|Any CPU
		{62F8EDBF-DBE1-4891-9EAC-01C77B0797EB}.Release|Any CPU.Build.0 = Release|Any CPU
	EndGlobalSection
	GlobalSection(SolutionProperties) = preSolution
		HideSolutionNode = FALSE
	EndGlobalSection
	GlobalSection(ExtensibilityGlobals) = postSolution
		SolutionGuid = {789A6724-2358-486A-86B4-703954232336}
	EndGlobalSection
EndGlobal
