
Microsoft Visual Studio Solution File, Format Version 12.00
# Visual Studio 15
VisualStudioVersion = 15.0.28307.757
MinimumVisualStudioVersion = 10.0.40219.1
Project("{FAE04EC0-301F-11D3-BF4B-00C04F79EFBC}") = "josm-rule-generator", "josm-rule-generator\josm-rule-generator.csproj", "{B04D3EE4-1EB7-449D-B695-E8CE0259D7BA}"
EndProject
Global
	GlobalSection(SolutionConfigurationPlatforms) = preSolution
		Debug|Any CPU = Debug|Any CPU
		Release|Any CPU = Release|Any CPU
	EndGlobalSection
	GlobalSection(ProjectConfigurationPlatforms) = postSolution
		{B04D3EE4-1EB7-449D-B695-E8CE0259D7BA}.Debug|Any CPU.ActiveCfg = Debug|Any CPU
		{B04D3EE4-1EB7-449D-B695-E8CE0259D7BA}.Debug|Any CPU.Build.0 = Debug|Any CPU
		{B04D3EE4-1EB7-449D-B695-E8CE0259D7BA}.Release|Any CPU.ActiveCfg = Release|Any CPU
		{B04D3EE4-1EB7-449D-B695-E8CE0259D7BA}.Release|Any CPU.Build.0 = Release|Any CPU
	EndGlobalSection
	GlobalSection(SolutionProperties) = preSolution
		HideSolutionNode = FALSE
	EndGlobalSection
	GlobalSection(ExtensibilityGlobals) = postSolution
		SolutionGuid = {B3B5CBF2-A51C-4134-920B-405375BF48A5}
	EndGlobalSection
EndGlobal
